
Microsoft Visual Studio Solution File, Format Version 12.00
# Visual Studio Version 16
VisualStudioVersion = 16.0.35931.194
MinimumVisualStudioVersion = 10.0.40219.1
Project("{FAE04EC0-301F-11D3-BF4B-00C04F79EFBC}") = "DILG_SYSTEM", "DILG_SYSTEM\DILG_SYSTEM.csproj", "{88536BAE-3343-462C-97CC-75D1C059E3FF}"
EndProject
Global
	GlobalSection(SolutionConfigurationPlatforms) = preSolution
		Debug|Any CPU = Debug|Any CPU
		Release|Any CPU = Release|Any CPU
	EndGlobalSection
	GlobalSection(ProjectConfigurationPlatforms) = postSolution
		{88536BAE-3343-462C-97CC-75D1C059E3FF}.Debug|Any CPU.ActiveCfg = Debug|Any CPU
		{88536BAE-3343-462C-97CC-75D1C059E3FF}.Debug|Any CPU.Build.0 = Debug|Any CPU
		{88536BAE-3343-462C-97CC-75D1C059E3FF}.Release|Any CPU.ActiveCfg = Release|Any CPU
		{88536BAE-3343-462C-97CC-75D1C059E3FF}.Release|Any CPU.Build.0 = Release|Any CPU
	EndGlobalSection
	GlobalSection(SolutionProperties) = preSolution
		HideSolutionNode = FALSE
	EndGlobalSection
	GlobalSection(ExtensibilityGlobals) = postSolution
		SolutionGuid = {C0BBF2B7-E89A-4DD7-8C02-ECAC8496155A}
	EndGlobalSection
EndGlobal
